// !$*UTF8*$!
{
	archiveVersion = 1;
	classes = {
	};
	objectVersion = 50;
	objects = {

/* Begin PBXBuildFile section */
		45A8045823979D7100E8BF27 /* AppDelegate.swift in Sources */ = {isa = PBXBuildFile; fileRef = 45A8045723979D7100E8BF27 /* AppDelegate.swift */; };
		45A8045A23979D7100E8BF27 /* ViewController.swift in Sources */ = {isa = PBXBuildFile; fileRef = 45A8045923979D7100E8BF27 /* ViewController.swift */; };
		45A8045D23979D7100E8BF27 /* Main.storyboard in Resources */ = {isa = PBXBuildFile; fileRef = 45A8045B23979D7100E8BF27 /* Main.storyboard */; };
		45A8045F23979D7800E8BF27 /* Assets.xcassets in Resources */ = {isa = PBXBuildFile; fileRef = 45A8045E23979D7800E8BF27 /* Assets.xcassets */; };
		45A8046223979D7800E8BF27 /* LaunchScreen.storyboard in Resources */ = {isa = PBXBuildFile; fileRef = 45A8046023979D7800E8BF27 /* LaunchScreen.storyboard */; };
		45A8046B23984B0800E8BF27 /* NetworkManager.swift in Sources */ = {isa = PBXBuildFile; fileRef = 45A8046A23984B0800E8BF27 /* NetworkManager.swift */; };
		45A8046E23984C7600E8BF27 /* OfferModel.swift in Sources */ = {isa = PBXBuildFile; fileRef = 45A8046D23984C7600E8BF27 /* OfferModel.swift */; };
		45A8047023984D7500E8BF27 /* ListOfferModel.swift in Sources */ = {isa = PBXBuildFile; fileRef = 45A8046F23984D7500E8BF27 /* ListOfferModel.swift */; };
		45A8047223984E2900E8BF27 /* MainOfferModel.swift in Sources */ = {isa = PBXBuildFile; fileRef = 45A8047123984E2900E8BF27 /* MainOfferModel.swift */; };
		45A8047423985E8E00E8BF27 /* CityModel.swift in Sources */ = {isa = PBXBuildFile; fileRef = 45A8047323985E8E00E8BF27 /* CityModel.swift */; };
		45A80476239865FC00E8BF27 /* view_Main.swift in Sources */ = {isa = PBXBuildFile; fileRef = 45A80475239865FC00E8BF27 /* view_Main.swift */; };
		45A8047823986DC000E8BF27 /* view_Custom.xib in Resources */ = {isa = PBXBuildFile; fileRef = 45A8047723986DC000E8BF27 /* view_Custom.xib */; };
		45A8047B23987E9C00E8BF27 /* TableViewCell.swift in Sources */ = {isa = PBXBuildFile; fileRef = 45A8047A23987E9C00E8BF27 /* TableViewCell.swift */; };
		45A8047D23987F2600E8BF27 /* TableViewCell.xib in Resources */ = {isa = PBXBuildFile; fileRef = 45A8047C23987F2600E8BF27 /* TableViewCell.xib */; };
/* End PBXBuildFile section */

/* Begin PBXFileReference section */
		45A8045423979D7100E8BF27 /* WeatherApplication.app */ = {isa = PBXFileReference; explicitFileType = wrapper.application; includeInIndex = 0; path = WeatherApplication.app; sourceTree = BUILT_PRODUCTS_DIR; };
		45A8045723979D7100E8BF27 /* AppDelegate.swift */ = {isa = PBXFileReference; lastKnownFileType = sourcecode.swift; path = AppDelegate.swift; sourceTree = "<group>"; };
		45A8045923979D7100E8BF27 /* ViewController.swift */ = {isa = PBXFileReference; lastKnownFileType = sourcecode.swift; path = ViewController.swift; sourceTree = "<group>"; };
		45A8045C23979D7100E8BF27 /* Base */ = {isa = PBXFileReference; lastKnownFileType = file.storyboard; name = Base; path = Base.lproj/Main.storyboard; sourceTree = "<group>"; };
		45A8045E23979D7800E8BF27 /* Assets.xcassets */ = {isa = PBXFileReference; lastKnownFileType = folder.assetcatalog; path = Assets.xcassets; sourceTree = "<group>"; };
		45A8046123979D7800E8BF27 /* Base */ = {isa = PBXFileReference; lastKnownFileType = file.storyboard; name = Base; path = Base.lproj/LaunchScreen.storyboard; sourceTree = "<group>"; };
		45A8046323979D7800E8BF27 /* Info.plist */ = {isa = PBXFileReference; lastKnownFileType = text.plist.xml; path = Info.plist; sourceTree = "<group>"; };
		45A8046A23984B0800E8BF27 /* NetworkManager.swift */ = {isa = PBXFileReference; lastKnownFileType = sourcecode.swift; path = NetworkManager.swift; sourceTree = "<group>"; };
		45A8046D23984C7600E8BF27 /* OfferModel.swift */ = {isa = PBXFileReference; lastKnownFileType = sourcecode.swift; path = OfferModel.swift; sourceTree = "<group>"; };
		45A8046F23984D7500E8BF27 /* ListOfferModel.swift */ = {isa = PBXFileReference; lastKnownFileType = sourcecode.swift; path = ListOfferModel.swift; sourceTree = "<group>"; };
		45A8047123984E2900E8BF27 /* MainOfferModel.swift */ = {isa = PBXFileReference; lastKnownFileType = sourcecode.swift; path = MainOfferModel.swift; sourceTree = "<group>"; };
		45A8047323985E8E00E8BF27 /* CityModel.swift */ = {isa = PBXFileReference; lastKnownFileType = sourcecode.swift; path = CityModel.swift; sourceTree = "<group>"; };
		45A80475239865FC00E8BF27 /* view_Main.swift */ = {isa = PBXFileReference; lastKnownFileType = sourcecode.swift; path = view_Main.swift; sourceTree = "<group>"; };
		45A8047723986DC000E8BF27 /* view_Custom.xib */ = {isa = PBXFileReference; lastKnownFileType = file.xib; path = view_Custom.xib; sourceTree = "<group>"; };
		45A8047A23987E9C00E8BF27 /* TableViewCell.swift */ = {isa = PBXFileReference; lastKnownFileType = sourcecode.swift; path = TableViewCell.swift; sourceTree = "<group>"; };
		45A8047C23987F2600E8BF27 /* TableViewCell.xib */ = {isa = PBXFileReference; lastKnownFileType = file.xib; path = TableViewCell.xib; sourceTree = "<group>"; };
/* End PBXFileReference section */

/* Begin PBXFrameworksBuildPhase section */
		45A8045123979D7100E8BF27 /* Frameworks */ = {
			isa = PBXFrameworksBuildPhase;
			buildActionMask = 2147483647;
			files = (
			);
			runOnlyForDeploymentPostprocessing = 0;
		};
/* End PBXFrameworksBuildPhase section */

/* Begin PBXGroup section */
		45A8044B23979D7100E8BF27 = {
			isa = PBXGroup;
			children = (
				45A8045623979D7100E8BF27 /* WeatherApplication */,
				45A8045523979D7100E8BF27 /* Products */,
			);
			sourceTree = "<group>";
		};
		45A8045523979D7100E8BF27 /* Products */ = {
			isa = PBXGroup;
			children = (
				45A8045423979D7100E8BF27 /* WeatherApplication.app */,
			);
			name = Products;
			sourceTree = "<group>";
		};
		45A8045623979D7100E8BF27 /* WeatherApplication */ = {
			isa = PBXGroup;
			children = (
				45A8047923987E6A00E8BF27 /* TableViewCell */,
				45A8046C23984C3400E8BF27 /* OfferModel */,
				45A8046923984ACA00E8BF27 /* NetworkManager */,
				45A8045723979D7100E8BF27 /* AppDelegate.swift */,
				45A8045923979D7100E8BF27 /* ViewController.swift */,
				45A80475239865FC00E8BF27 /* view_Main.swift */,
				45A8045B23979D7100E8BF27 /* Main.storyboard */,
				45A8045E23979D7800E8BF27 /* Assets.xcassets */,
				45A8046023979D7800E8BF27 /* LaunchScreen.storyboard */,
				45A8046323979D7800E8BF27 /* Info.plist */,
				45A8047723986DC000E8BF27 /* view_Custom.xib */,
			);
			path = WeatherApplication;
			sourceTree = "<group>";
		};
		45A8046923984ACA00E8BF27 /* NetworkManager */ = {
			isa = PBXGroup;
			children = (
				45A8046A23984B0800E8BF27 /* NetworkManager.swift */,
			);
			path = NetworkManager;
			sourceTree = "<group>";
		};
		45A8046C23984C3400E8BF27 /* OfferModel */ = {
			isa = PBXGroup;
			children = (
				45A8046D23984C7600E8BF27 /* OfferModel.swift */,
				45A8046F23984D7500E8BF27 /* ListOfferModel.swift */,
				45A8047123984E2900E8BF27 /* MainOfferModel.swift */,
				45A8047323985E8E00E8BF27 /* CityModel.swift */,
			);
			path = OfferModel;
			sourceTree = "<group>";
		};
		45A8047923987E6A00E8BF27 /* TableViewCell */ = {
			isa = PBXGroup;
			children = (
				45A8047A23987E9C00E8BF27 /* TableViewCell.swift */,
				45A8047C23987F2600E8BF27 /* TableViewCell.xib */,
			);
			path = TableViewCell;
			sourceTree = "<group>";
		};
/* End PBXGroup section */

/* Begin PBXNativeTarget section */
		45A8045323979D7100E8BF27 /* WeatherApplication */ = {
			isa = PBXNativeTarget;
			buildConfigurationList = 45A8046623979D7800E8BF27 /* Build configuration list for PBXNativeTarget "WeatherApplication" */;
			buildPhases = (
				45A8045023979D7100E8BF27 /* Sources */,
				45A8045123979D7100E8BF27 /* Frameworks */,
				45A8045223979D7100E8BF27 /* Resources */,
			);
			buildRules = (
			);
			dependencies = (
			);
			name = WeatherApplication;
			productName = WA;
			productReference = 45A8045423979D7100E8BF27 /* WeatherApplication.app */;
			productType = "com.apple.product-type.application";
		};
/* End PBXNativeTarget section */

/* Begin PBXProject section */
		45A8044C23979D7100E8BF27 /* Project object */ = {
			isa = PBXProject;
			attributes = {
				LastSwiftUpdateCheck = 1000;
				LastUpgradeCheck = 1000;
				ORGANIZATIONNAME = "Ridvan Karaman";
				TargetAttributes = {
					45A8045323979D7100E8BF27 = {
						CreatedOnToolsVersion = 10.0;
						LastSwiftMigration = 1120;
					};
				};
			};
			buildConfigurationList = 45A8044F23979D7100E8BF27 /* Build configuration list for PBXProject "WeatherApplication" */;
			compatibilityVersion = "Xcode 9.3";
			developmentRegion = en;
			hasScannedForEncodings = 0;
			knownRegions = (
				en,
				Base,
			);
			mainGroup = 45A8044B23979D7100E8BF27;
			productRefGroup = 45A8045523979D7100E8BF27 /* Products */;
			projectDirPath = "";
			projectRoot = "";
			targets = (
				45A8045323979D7100E8BF27 /* WeatherApplication */,
			);
		};
/* End PBXProject section */

/* Begin PBXResourcesBuildPhase section */
		45A8045223979D7100E8BF27 /* Resources */ = {
			isa = PBXResourcesBuildPhase;
			buildActionMask = 2147483647;
			files = (
				45A8046223979D7800E8BF27 /* LaunchScreen.storyboard in Resources */,
				45A8047D23987F2600E8BF27 /* TableViewCell.xib in Resources */,
				45A8047823986DC000E8BF27 /* view_Custom.xib in Resources */,
				45A8045F23979D7800E8BF27 /* Assets.xcassets in Resources */,
				45A8045D23979D7100E8BF27 /* Main.storyboard in Resources */,
			);
			runOnlyForDeploymentPostprocessing = 0;
		};
/* End PBXResourcesBuildPhase section */

/* Begin PBXSourcesBuildPhase section */
		45A8045023979D7100E8BF27 /* Sources */ = {
			isa = PBXSourcesBuildPhase;
			buildActionMask = 2147483647;
			files = (
				45A8046B23984B0800E8BF27 /* NetworkManager.swift in Sources */,
				45A80476239865FC00E8BF27 /* view_Main.swift in Sources */,
				45A8045A23979D7100E8BF27 /* ViewController.swift in Sources */,
				45A8047B23987E9C00E8BF27 /* TableViewCell.swift in Sources */,
				45A8046E23984C7600E8BF27 /* OfferModel.swift in Sources */,
				45A8045823979D7100E8BF27 /* AppDelegate.swift in Sources */,
				45A8047023984D7500E8BF27 /* ListOfferModel.swift in Sources */,
				45A8047223984E2900E8BF27 /* MainOfferModel.swift in Sources */,
				45A8047423985E8E00E8BF27 /* CityModel.swift in Sources */,
			);
			runOnlyForDeploymentPostprocessing = 0;
		};
/* End PBXSourcesBuildPhase section */

/* Begin PBXVariantGroup section */
		45A8045B23979D7100E8BF27 /* Main.storyboard */ = {
			isa = PBXVariantGroup;
			children = (
				45A8045C23979D7100E8BF27 /* Base */,
			);
			name = Main.storyboard;
			sourceTree = "<group>";
		};
		45A8046023979D7800E8BF27 /* LaunchScreen.storyboard */ = {
			isa = PBXVariantGroup;
			children = (
				45A8046123979D7800E8BF27 /* Base */,
			);
			name = LaunchScreen.storyboard;
			sourceTree = "<group>";
		};
/* End PBXVariantGroup section */

/* Begin XCBuildConfiguration section */
		45A8046423979D7800E8BF27 /* Debug */ = {
			isa = XCBuildConfiguration;
			buildSettings = {
				ALWAYS_SEARCH_USER_PATHS = NO;
				CLANG_ANALYZER_NONNULL = YES;
				CLANG_ANALYZER_NUMBER_OBJECT_CONVERSION = YES_AGGRESSIVE;
				CLANG_CXX_LANGUAGE_STANDARD = "gnu++14";
				CLANG_CXX_LIBRARY = "libc++";
				CLANG_ENABLE_MODULES = YES;
				CLANG_ENABLE_OBJC_ARC = YES;
				CLANG_ENABLE_OBJC_WEAK = YES;
				CLANG_WARN_BLOCK_CAPTURE_AUTORELEASING = YES;
				CLANG_WARN_BOOL_CONVERSION = YES;
				CLANG_WARN_COMMA = YES;
				CLANG_WARN_CONSTANT_CONVERSION = YES;
				CLANG_WARN_DEPRECATED_OBJC_IMPLEMENTATIONS = YES;
				CLANG_WARN_DIRECT_OBJC_ISA_USAGE = YES_ERROR;
				CLANG_WARN_DOCUMENTATION_COMMENTS = YES;
				CLANG_WARN_EMPTY_BODY = YES;
				CLANG_WARN_ENUM_CONVERSION = YES;
				CLANG_WARN_INFINITE_RECURSION = YES;
				CLANG_WARN_INT_CONVERSION = YES;
				CLANG_WARN_NON_LITERAL_NULL_CONVERSION = YES;
				CLANG_WARN_OBJC_IMPLICIT_RETAIN_SELF = YES;
				CLANG_WARN_OBJC_LITERAL_CONVERSION = YES;
				CLANG_WARN_OBJC_ROOT_CLASS = YES_ERROR;
				CLANG_WARN_RANGE_LOOP_ANALYSIS = YES;
				CLANG_WARN_STRICT_PROTOTYPES = YES;
				CLANG_WARN_SUSPICIOUS_MOVE = YES;
				CLANG_WARN_UNGUARDED_AVAILABILITY = YES_AGGRESSIVE;
				CLANG_WARN_UNREACHABLE_CODE = YES;
				CLANG_WARN__DUPLICATE_METHOD_MATCH = YES;
				CODE_SIGN_IDENTITY = "iPhone Developer";
				COPY_PHASE_STRIP = NO;
				DEBUG_INFORMATION_FORMAT = dwarf;
				ENABLE_STRICT_OBJC_MSGSEND = YES;
				ENABLE_TESTABILITY = YES;
				GCC_C_LANGUAGE_STANDARD = gnu11;
				GCC_DYNAMIC_NO_PIC = NO;
				GCC_NO_COMMON_BLOCKS = YES;
				GCC_OPTIMIZATION_LEVEL = 0;
				GCC_PREPROCESSOR_DEFINITIONS = (
					"DEBUG=1",
					"$(inherited)",
				);
				GCC_WARN_64_TO_32_BIT_CONVERSION = YES;
				GCC_WARN_ABOUT_RETURN_TYPE = YES_ERROR;
				GCC_WARN_UNDECLARED_SELECTOR = YES;
				GCC_WARN_UNINITIALIZED_AUTOS = YES_AGGRESSIVE;
				GCC_WARN_UNUSED_FUNCTION = YES;
				GCC_WARN_UNUSED_VARIABLE = YES;
				IPHONEOS_DEPLOYMENT_TARGET = 12.0;
				MTL_ENABLE_DEBUG_INFO = INCLUDE_SOURCE;
				MTL_FAST_MATH = YES;
				ONLY_ACTIVE_ARCH = YES;
				SDKROOT = iphoneos;
				SWIFT_ACTIVE_COMPILATION_CONDITIONS = DEBUG;
				SWIFT_OPTIMIZATION_LEVEL = "-Onone";
			};
			name = Debug;
		};
		45A8046523979D7800E8BF27 /* Release */ = {
			isa = XCBuildConfiguration;
			buildSettings = {
				ALWAYS_SEARCH_USER_PATHS = NO;
				CLANG_ANALYZER_NONNULL = YES;
				CLANG_ANALYZER_NUMBER_OBJECT_CONVERSION = YES_AGGRESSIVE;
				CLANG_CXX_LANGUAGE_STANDARD = "gnu++14";
				CLANG_CXX_LIBRARY = "libc++";
				CLANG_ENABLE_MODULES = YES;
				CLANG_ENABLE_OBJC_ARC = YES;
				CLANG_ENABLE_OBJC_WEAK = YES;
				CLANG_WARN_BLOCK_CAPTURE_AUTORELEASING = YES;
				CLANG_WARN_BOOL_CONVERSION = YES;
				CLANG_WARN_COMMA = YES;
				CLANG_WARN_CONSTANT_CONVERSION = YES;
				CLANG_WARN_DEPRECATED_OBJC_IMPLEMENTATIONS = YES;
				CLANG_WARN_DIRECT_OBJC_ISA_USAGE = YES_ERROR;
				CLANG_WARN_DOCUMENTATION_COMMENTS = YES;
				CLANG_WARN_EMPTY_BODY = YES;
				CLANG_WARN_ENUM_CONVERSION = YES;
				CLANG_WARN_INFINITE_RECURSION = YES;
				CLANG_WARN_INT_CONVERSION = YES;
				CLANG_WARN_NON_LITERAL_NULL_CONVERSION = YES;
				CLANG_WARN_OBJC_IMPLICIT_RETAIN_SELF = YES;
				CLANG_WARN_OBJC_LITERAL_CONVERSION = YES;
				CLANG_WARN_OBJC_ROOT_CLASS = YES_ERROR;
				CLANG_WARN_RANGE_LOOP_ANALYSIS = YES;
				CLANG_WARN_STRICT_PROTOTYPES = YES;
				CLANG_WARN_SUSPICIOUS_MOVE = YES;
				CLANG_WARN_UNGUARDED_AVAILABILITY = YES_AGGRESSIVE;
				CLANG_WARN_UNREACHABLE_CODE = YES;
				CLANG_WARN__DUPLICATE_METHOD_MATCH = YES;
				CODE_SIGN_IDENTITY = "iPhone Developer";
				COPY_PHASE_STRIP = NO;
				DEBUG_INFORMATION_FORMAT = "dwarf-with-dsym";
				ENABLE_NS_ASSERTIONS = NO;
				ENABLE_STRICT_OBJC_MSGSEND = YES;
				GCC_C_LANGUAGE_STANDARD = gnu11;
				GCC_NO_COMMON_BLOCKS = YES;
				GCC_WARN_64_TO_32_BIT_CONVERSION = YES;
				GCC_WARN_ABOUT_RETURN_TYPE = YES_ERROR;
				GCC_WARN_UNDECLARED_SELECTOR = YES;
				GCC_WARN_UNINITIALIZED_AUTOS = YES_AGGRESSIVE;
				GCC_WARN_UNUSED_FUNCTION = YES;
				GCC_WARN_UNUSED_VARIABLE = YES;
				IPHONEOS_DEPLOYMENT_TARGET = 12.0;
				MTL_ENABLE_DEBUG_INFO = NO;
				MTL_FAST_MATH = YES;
				SDKROOT = iphoneos;
				SWIFT_COMPILATION_MODE = wholemodule;
				SWIFT_OPTIMIZATION_LEVEL = "-O";
				VALIDATE_PRODUCT = YES;
			};
			name = Release;
		};
		45A8046723979D7800E8BF27 /* Debug */ = {
			isa = XCBuildConfiguration;
			buildSettings = {
				ASSETCATALOG_COMPILER_APPICON_NAME = AppIcon;
				CODE_SIGN_STYLE = Automatic;
				INFOPLIST_FILE = "$(SRCROOT)/WeatherApplication/Info.plist";
				LD_RUNPATH_SEARCH_PATHS = (
					"$(inherited)",
					"@executable_path/Frameworks",
				);
				PRODUCT_BUNDLE_IDENTIFIER = RK.WA;
				PRODUCT_NAME = "$(TARGET_NAME)";
				SWIFT_VERSION = 5.0;
				TARGETED_DEVICE_FAMILY = "1,2";
			};
			name = Debug;
		};
		45A8046823979D7800E8BF27 /* Release */ = {
			isa = XCBuildConfiguration;
			buildSettings = {
				ASSETCATALOG_COMPILER_APPICON_NAME = AppIcon;
				CODE_SIGN_STYLE = Automatic;
				INFOPLIST_FILE = "$(SRCROOT)/WeatherApplication/Info.plist";
				LD_RUNPATH_SEARCH_PATHS = (
					"$(inherited)",
					"@executable_path/Frameworks",
				);
				PRODUCT_BUNDLE_IDENTIFIER = RK.WA;
				PRODUCT_NAME = "$(TARGET_NAME)";
				SWIFT_VERSION = 5.0;
				TARGETED_DEVICE_FAMILY = "1,2";
			};
			name = Release;
		};
/* End XCBuildConfiguration section */

/* Begin XCConfigurationList section */
		45A8044F23979D7100E8BF27 /* Build configuration list for PBXProject "WeatherApplication" */ = {
			isa = XCConfigurationList;
			buildConfigurations = (
				45A8046423979D7800E8BF27 /* Debug */,
				45A8046523979D7800E8BF27 /* Release */,
			);
			defaultConfigurationIsVisible = 0;
			defaultConfigurationName = Release;
		};
		45A8046623979D7800E8BF27 /* Build configuration list for PBXNativeTarget "WeatherApplication" */ = {
			isa = XCConfigurationList;
			buildConfigurations = (
				45A8046723979D7800E8BF27 /* Debug */,
				45A8046823979D7800E8BF27 /* Release */,
			);
			defaultConfigurationIsVisible = 0;
			defaultConfigurationName = Release;
		};
/* End XCConfigurationList section */
	};
	rootObject = 45A8044C23979D7100E8BF27 /* Project object */;
}
